<?xml version="1.0" encoding="utf-8"?>
<Project ToolsVersion="4.0" xmlns="http://schemas.microsoft.com/developer/msbuild/2003">
  <ItemGroup>
    <Filter Include="Source Files">
      <UniqueIdentifier>{4FC737F1-C7A5-4376-A066-2A32D752A2FF}</UniqueIdentifier>
      <Extensions>cpp;c;cc;cxx;def;odl;idl;hpj;bat;asm;asmx</Extensions>
    </Filter>
    <Filter Include="Header Files">
      <UniqueIdentifier>{93995380-89BD-4b04-88EB-625FBE52EBFB}</UniqueIdentifier>
      <Extensions>h;hh;hpp;hxx;hm;inl;inc;xsd</Extensions>
    </Filter>
    <Filter Include="Resource Files">
      <UniqueIdentifier>{67DA6AB6-F800-4c08-8B7A-83BB121AAD01}</UniqueIdentifier>
      <Extensions>rc;ico;cur;bmp;dlg;rc2;rct;bin;rgs;gif;jpg;jpeg;jpe;resx;tiff;tif;png;wav;mfcribbon-ms</Extensions>
    </Filter>
  </ItemGroup>
  <ItemGroup>
    <ClCompile Include="ArmadilloTestForm.cpp">
      <Filter>Source Files</Filter>
    </ClCompile>
    <ClCompile Include="Test1.cpp">
      <Filter>Source Files</Filter>
    </ClCompile>
    <ClCompile Include="TestBaseClass.cpp">
      <Filter>Source Files</Filter>
    </ClCompile>
    <ClCompile Include="Test2.cpp">
      <Filter>Source Files</Filter>
    </ClCompile>
    <ClCompile Include="Test3.cpp">
      <Filter>Source Files</Filter>
    </ClCompile>
    <ClCompile Include="TwodHamiltonianClass.cpp">
      <Filter>Source Files</Filter>
    </ClCompile>
    <ClCompile Include="EigenClass.cpp">
      <Filter>Source Files</Filter>
    </ClCompile>
    <ClCompile Include="TwodParticleInBox.cpp">
      <Filter>Source Files</Filter>
    </ClCompile>
    <ClCompile Include="TwodHarmonicOscillator.cpp">
      <Filter>Source Files</Filter>
    </ClCompile>
    <ClCompile Include="ThreeDHamiltonianClass.cpp">
      <Filter>Source Files</Filter>
    </ClCompile>
    <ClCompile Include="ThreeDParticleInBox.cpp">
      <Filter>Source Files</Filter>
    </ClCompile>
    <ClCompile Include="ThreeDHarmonicOscillator.cpp">
      <Filter>Source Files</Filter>
    </ClCompile>
  </ItemGroup>
  <ItemGroup>
    <ClInclude Include="ArmadilloTestForm.h">
      <Filter>Header Files</Filter>
    </ClInclude>
    <ClInclude Include="Test1.h">
      <Filter>Header Files</Filter>
    </ClInclude>
    <ClInclude Include="TestBaseClass.h">
      <Filter>Header Files</Filter>
    </ClInclude>
    <ClInclude Include="Test2.h">
      <Filter>Header Files</Filter>
    </ClInclude>
    <ClInclude Include="Test3.h">
      <Filter>Header Files</Filter>
    </ClInclude>
    <ClInclude Include="TwodHamiltonianClass.h">
      <Filter>Header Files</Filter>
    </ClInclude>
    <ClInclude Include="EigenClass.h">
      <Filter>Header Files</Filter>
    </ClInclude>
    <ClInclude Include="TwodParticleInBox.h">
      <Filter>Header Files</Filter>
    </ClInclude>
    <ClInclude Include="TwodHarmonicOscillator.h">
      <Filter>Header Files</Filter>
    </ClInclude>
    <ClInclude Include="ThreeDHamiltonianClass.h">
      <Filter>Header Files</Filter>
    </ClInclude>
    <ClInclude Include="ThreeDParticleInBox.h">
      <Filter>Header Files</Filter>
    </ClInclude>
    <ClInclude Include="ThreeDHarmonicOscillator.h">
      <Filter>Header Files</Filter>
    </ClInclude>
  </ItemGroup>
  <ItemGroup>
    <EmbeddedResource Include="ArmadilloTestForm.resx">
      <Filter>Resource Files</Filter>
    </EmbeddedResource>
  </ItemGroup>
</Project>